PODS:
  - Applanga (2.0.65)
  - applanga_flutter (0.0.1):
    - Flutter
  - Flutter (1.0.0)

DEPENDENCIES:
  - Applanga (from `../../../../ios/applanga/Build/Applanga/`)
  - applanga_flutter (from `.symlinks/plugins/applanga_flutter/ios`)
  - Flutter (from `.symlinks/flutter/ios`)

EXTERNAL SOURCES:
  Applanga:
    :path: "../../../../ios/applanga/Build/Applanga/"
  applanga_flutter:
    :path: ".symlinks/plugins/applanga_flutter/ios"
  Flutter:
    :path: ".symlinks/flutter/ios"

SPEC CHECKSUMS:
  Applanga: 8608228accab1d13fd7e54768696070436b02fe2
  applanga_flutter: aca831859a4263291f2f82cf0c5ec90ba8bb460c
  Flutter: 9d0fac939486c9aba2809b7982dfdbb47a7b0296

PODFILE CHECKSUM: 96288a43986787ecbefe4bd2c6094a6cfa2f6af8

COCOAPODS: 1.5.3
